
Microsoft Visual Studio Solution File, Format Version 12.00
# Visual Studio Version 17
VisualStudioVersion = 17.0.32014.148
MinimumVisualStudioVersion = 10.0.40219.1
Project("{9A19103F-16F7-4668-BE54-9A1E7A4F7556}") = "5-LongestPalindromicSubstring", "5-LongestPalindromicSubstring\5-LongestPalindromicSubstring.csproj", "{5C7FCCEE-F803-4EC5-A1A4-ACC104DE5E6D}"
EndProject
Project("{9A19103F-16F7-4668-BE54-9A1E7A4F7556}") = "6-ZigzagConversion", "6-ZigzagConversion\6-ZigzagConversion.csproj", "{671A69F7-B34A-4A5C-8689-F6E3D12201F9}"
EndProject
Project("{9A19103F-16F7-4668-BE54-9A1E7A4F7556}") = "7-ReverseInteger", "7-ReverseInteger\7-ReverseInteger.csproj", "{E0C53EFE-0E25-48E9-9089-C9F5F67163C8}"
EndProject
Project("{9A19103F-16F7-4668-BE54-9A1E7A4F7556}") = "12-IntegerToRoman", "12-IntegerToRoman\12-IntegerToRoman.csproj", "{457BDA64-546F-45D4-9CD7-BBC396F55DD1}"
EndProject
Project("{9A19103F-16F7-4668-BE54-9A1E7A4F7556}") = "15-3Sum", "15-3Sum\15-3Sum.csproj", "{033D893F-9AEB-4330-89F3-AD5F2C256551}"
EndProject
Project("{9A19103F-16F7-4668-BE54-9A1E7A4F7556}") = "274-H-Index", "274_H-Index\274-H-Index.csproj", "{8763E179-0B88-4758-812A-D6F72355525A}"
EndProject
Project("{9A19103F-16F7-4668-BE54-9A1E7A4F7556}") = "366-FindLeavesOfBinaryTree", "366-FindLeavesOfBinaryTree\366-FindLeavesOfBinaryTree.csproj", "{FBB66A96-E31C-437D-824B-F52537AEC0B8}"
EndProject
Project("{2150E333-8FDC-42A3-9474-1A3956D46DE8}") = "GoogleInterview", "GoogleInterview", "{6EEBE46B-B17A-4729-A268-DDC0C24268B1}"
EndProject
Project("{9A19103F-16F7-4668-BE54-9A1E7A4F7556}") = "UniqueEmailAddresses", "UniqueEmailAddresses\UniqueEmailAddresses.csproj", "{3121E29E-7C0A-478C-A471-EF11ADBFA461}"
EndProject
Project("{9A19103F-16F7-4668-BE54-9A1E7A4F7556}") = "OddEvenJump", "OddEvenJump\OddEvenJump.csproj", "{3037C761-7E15-4DA2-BCC5-4DBF08A640CD}"
EndProject
Project("{9A19103F-16F7-4668-BE54-9A1E7A4F7556}") = "FruitIntoBaskets", "FruitIntoBaskets\FruitIntoBaskets.csproj", "{A28708F8-4556-422C-A3BE-8F4596E142AE}"
EndProject
Project("{9A19103F-16F7-4668-BE54-9A1E7A4F7556}") = "LicenseKeyFormatting", "LicenseKeyFormatting\LicenseKeyFormatting.csproj", "{D6C0B1E0-0E73-44F6-8F37-FE1A4EE639FF}"
EndProject
Project("{9A19103F-16F7-4668-BE54-9A1E7A4F7556}") = "BestTimeToBuyAndSellStock", "BestTimeToBuyAndSellStock\BestTimeToBuyAndSellStock.csproj", "{CAD4A00A-1FB6-4708-928B-2D6C725FE38D}"
EndProject
Project("{9A19103F-16F7-4668-BE54-9A1E7A4F7556}") = "MaximumProductSubarray", "MaximumProductSubarray\MaximumProductSubarray.csproj", "{6567F633-FB55-4840-AA76-341DAD25D158}"
EndProject
Project("{9A19103F-16F7-4668-BE54-9A1E7A4F7556}") = "CoinChange", "CoinChange\CoinChange.csproj", "{97352D29-B3B7-429B-A0E4-D6A05D7D075E}"
EndProject
Project("{9A19103F-16F7-4668-BE54-9A1E7A4F7556}") = "JumpGame", "JumpGame\JumpGame.csproj", "{F282F088-4559-4B2B-8899-5B29B014D73D}"
EndProject
Project("{9A19103F-16F7-4668-BE54-9A1E7A4F7556}") = "LongestSubstringwithAtMostTwoDistinctCharacters", "LongestSubstringwithAtMostTwoDistinctCharacters\LongestSubstringwithAtMostTwoDistinctCharacters.csproj", "{7F92C34C-7EF7-46A6-895E-1F614DD2B8F7}"
EndProject
Project("{9A19103F-16F7-4668-BE54-9A1E7A4F7556}") = "GenerateParentheses", "GenerateParentheses\GenerateParentheses.csproj", "{BFD93FBC-BDB3-41F8-B2FC-76FED0D5324A}"
EndProject
Project("{9A19103F-16F7-4668-BE54-9A1E7A4F7556}") = "BinaryTreeMaximumPathSum", "BinaryTreeMaximumPathSum\BinaryTreeMaximumPathSum.csproj", "{EF422D18-0E44-45A2-91BA-A998941E899A}"
EndProject
Project("{9A19103F-16F7-4668-BE54-9A1E7A4F7556}") = "NumberofIslands", "NumberofIslands\NumberofIslands.csproj", "{9E44B3CD-FAFF-4027-8C71-1487EF5F743C}"
EndProject
Project("{9A19103F-16F7-4668-BE54-9A1E7A4F7556}") = "HouseRobber", "HouseRobber\HouseRobber.csproj", "{939C5600-A979-4E79-B292-A760B1F5735C}"
EndProject
Project("{9A19103F-16F7-4668-BE54-9A1E7A4F7556}") = "DeleteAndEarn", "DeleteAndEarn\DeleteAndEarn.csproj", "{95ED7911-E72C-4241-86EF-CD485EA9424F}"
EndProject
Project("{9A19103F-16F7-4668-BE54-9A1E7A4F7556}") = "26-RemoveDuplicatesFromSortedArray", "26-RemoveDuplicatesFromSortedArray\26-RemoveDuplicatesFromSortedArray.csproj", "{BA6A2B2E-F512-4D31-BCAC-FEE7CE3166F9}"
EndProject
Project("{9A19103F-16F7-4668-BE54-9A1E7A4F7556}") = "1260-Shift2DGrid", "1260-Shift2DGrid\1260-Shift2DGrid.csproj", "{CDA312C7-8333-40FF-86C1-E25220312E16}"
EndProject
Project("{2150E333-8FDC-42A3-9474-1A3956D46DE8}") = "AmazonInrerview", "AmazonInrerview", "{9172DF2C-4D1F-411B-B714-6BED83976449}"
EndProject
Project("{9A19103F-16F7-4668-BE54-9A1E7A4F7556}") = "TransactionLog", "TransactionLog\TransactionLog.csproj", "{64755775-C14F-453E-914F-D4CB92C711E1}"
EndProject
Project("{9A19103F-16F7-4668-BE54-9A1E7A4F7556}") = "21_MergeTwoSortedLists", "21_MergeTwoSortedLists\21_MergeTwoSortedLists.csproj", "{4345850A-08C4-4790-A71A-6B91AB368309}"
EndProject
Project("{9A19103F-16F7-4668-BE54-9A1E7A4F7556}") = "48-rotate-image", "48-rotate-image\48-rotate-image.csproj", "{ABD0B19A-B424-4663-B3D2-36A18729FC52}"
EndProject
Project("{9A19103F-16F7-4668-BE54-9A1E7A4F7556}") = "118-PascalTriangle", "118-PascalTriangle\118-PascalTriangle.csproj", "{50E663AB-9147-4F72-91C9-C9686B12B709}"
EndProject
Project("{9A19103F-16F7-4668-BE54-9A1E7A4F7556}") = "1207-UniqueNumberOfOccurances", "1207-UniqueNumberOfOccurances\1207-UniqueNumberOfOccurances.csproj", "{F1757441-77F6-4832-A617-061DF72D4CB5}"
EndProject
Project("{9A19103F-16F7-4668-BE54-9A1E7A4F7556}") = "146-LRUCache", "146-LRUCache\146-LRUCache.csproj", "{E12C95AD-344B-4711-83E1-F03D2C68B7F0}"
EndProject
Project("{9A19103F-16F7-4668-BE54-9A1E7A4F7556}") = "415-AddStings", "415-AddStings\415-AddStings.csproj", "{FAE93D26-D5C6-4596-A157-E660ACF4EE86}"
EndProject
Project("{FAE04EC0-301F-11D3-BF4B-00C04F79EFBC}") = "647-PalindromicSubstrings", "647-PalindromicSubstrings\647-PalindromicSubstrings.csproj", "{2F4C81B6-EE96-4988-822E-377BFD3C4CC6}"
EndProject
Project("{FAE04EC0-301F-11D3-BF4B-00C04F79EFBC}") = "1710-MaximumUnitsOnATruck", "1710-MaximumUnitsOnATruck\1710-MaximumUnitsOnATruck.csproj", "{C4EC7BC3-5F12-40AD-9911-F1E8C9C10E24}"
EndProject
Project("{FAE04EC0-301F-11D3-BF4B-00C04F79EFBC}") = "1275-FindWinnerOnATicTacToeGame", "1275-FindWinnerOnATicTacToeGame\1275-FindWinnerOnATicTacToeGame.csproj", "{2FF29575-864A-41E1-9300-8A8CB1971D7E}"
EndProject
Project("{FAE04EC0-301F-11D3-BF4B-00C04F79EFBC}") = "474-OnesAndZeroes", "474-OnesAndZeroes\474-OnesAndZeroes.csproj", "{FCFA591C-D11E-417C-8F35-50DC7D6C3373}"
EndProject
Global
	GlobalSection(SolutionConfigurationPlatforms) = preSolution
		Debug|Any CPU = Debug|Any CPU
		Release|Any CPU = Release|Any CPU
	EndGlobalSection
	GlobalSection(ProjectConfigurationPlatforms) = postSolution
		{5C7FCCEE-F803-4EC5-A1A4-ACC104DE5E6D}.Debug|Any CPU.ActiveCfg = Debug|Any CPU
		{5C7FCCEE-F803-4EC5-A1A4-ACC104DE5E6D}.Debug|Any CPU.Build.0 = Debug|Any CPU
		{5C7FCCEE-F803-4EC5-A1A4-ACC104DE5E6D}.Release|Any CPU.ActiveCfg = Release|Any CPU
		{5C7FCCEE-F803-4EC5-A1A4-ACC104DE5E6D}.Release|Any CPU.Build.0 = Release|Any CPU
		{671A69F7-B34A-4A5C-8689-F6E3D12201F9}.Debug|Any CPU.ActiveCfg = Debug|Any CPU
		{671A69F7-B34A-4A5C-8689-F6E3D12201F9}.Debug|Any CPU.Build.0 = Debug|Any CPU
		{671A69F7-B34A-4A5C-8689-F6E3D12201F9}.Release|Any CPU.ActiveCfg = Release|Any CPU
		{671A69F7-B34A-4A5C-8689-F6E3D12201F9}.Release|Any CPU.Build.0 = Release|Any CPU
		{E0C53EFE-0E25-48E9-9089-C9F5F67163C8}.Debug|Any CPU.ActiveCfg = Debug|Any CPU
		{E0C53EFE-0E25-48E9-9089-C9F5F67163C8}.Debug|Any CPU.Build.0 = Debug|Any CPU
		{E0C53EFE-0E25-48E9-9089-C9F5F67163C8}.Release|Any CPU.ActiveCfg = Release|Any CPU
		{E0C53EFE-0E25-48E9-9089-C9F5F67163C8}.Release|Any CPU.Build.0 = Release|Any CPU
		{457BDA64-546F-45D4-9CD7-BBC396F55DD1}.Debug|Any CPU.ActiveCfg = Debug|Any CPU
		{457BDA64-546F-45D4-9CD7-BBC396F55DD1}.Debug|Any CPU.Build.0 = Debug|Any CPU
		{457BDA64-546F-45D4-9CD7-BBC396F55DD1}.Release|Any CPU.ActiveCfg = Release|Any CPU
		{457BDA64-546F-45D4-9CD7-BBC396F55DD1}.Release|Any CPU.Build.0 = Release|Any CPU
		{033D893F-9AEB-4330-89F3-AD5F2C256551}.Debug|Any CPU.ActiveCfg = Debug|Any CPU
		{033D893F-9AEB-4330-89F3-AD5F2C256551}.Debug|Any CPU.Build.0 = Debug|Any CPU
		{033D893F-9AEB-4330-89F3-AD5F2C256551}.Release|Any CPU.ActiveCfg = Release|Any CPU
		{033D893F-9AEB-4330-89F3-AD5F2C256551}.Release|Any CPU.Build.0 = Release|Any CPU
		{8763E179-0B88-4758-812A-D6F72355525A}.Debug|Any CPU.ActiveCfg = Debug|Any CPU
		{8763E179-0B88-4758-812A-D6F72355525A}.Debug|Any CPU.Build.0 = Debug|Any CPU
		{8763E179-0B88-4758-812A-D6F72355525A}.Release|Any CPU.ActiveCfg = Release|Any CPU
		{8763E179-0B88-4758-812A-D6F72355525A}.Release|Any CPU.Build.0 = Release|Any CPU
		{FBB66A96-E31C-437D-824B-F52537AEC0B8}.Debug|Any CPU.ActiveCfg = Debug|Any CPU
		{FBB66A96-E31C-437D-824B-F52537AEC0B8}.Debug|Any CPU.Build.0 = Debug|Any CPU
		{FBB66A96-E31C-437D-824B-F52537AEC0B8}.Release|Any CPU.ActiveCfg = Release|Any CPU
		{FBB66A96-E31C-437D-824B-F52537AEC0B8}.Release|Any CPU.Build.0 = Release|Any CPU
		{3121E29E-7C0A-478C-A471-EF11ADBFA461}.Debug|Any CPU.ActiveCfg = Debug|Any CPU
		{3121E29E-7C0A-478C-A471-EF11ADBFA461}.Debug|Any CPU.Build.0 = Debug|Any CPU
		{3121E29E-7C0A-478C-A471-EF11ADBFA461}.Release|Any CPU.ActiveCfg = Release|Any CPU
		{3121E29E-7C0A-478C-A471-EF11ADBFA461}.Release|Any CPU.Build.0 = Release|Any CPU
		{3037C761-7E15-4DA2-BCC5-4DBF08A640CD}.Debug|Any CPU.ActiveCfg = Debug|Any CPU
		{3037C761-7E15-4DA2-BCC5-4DBF08A640CD}.Debug|Any CPU.Build.0 = Debug|Any CPU
		{3037C761-7E15-4DA2-BCC5-4DBF08A640CD}.Release|Any CPU.ActiveCfg = Release|Any CPU
		{3037C761-7E15-4DA2-BCC5-4DBF08A640CD}.Release|Any CPU.Build.0 = Release|Any CPU
		{A28708F8-4556-422C-A3BE-8F4596E142AE}.Debug|Any CPU.ActiveCfg = Debug|Any CPU
		{A28708F8-4556-422C-A3BE-8F4596E142AE}.Debug|Any CPU.Build.0 = Debug|Any CPU
		{A28708F8-4556-422C-A3BE-8F4596E142AE}.Release|Any CPU.ActiveCfg = Release|Any CPU
		{A28708F8-4556-422C-A3BE-8F4596E142AE}.Release|Any CPU.Build.0 = Release|Any CPU
		{D6C0B1E0-0E73-44F6-8F37-FE1A4EE639FF}.Debug|Any CPU.ActiveCfg = Debug|Any CPU
		{D6C0B1E0-0E73-44F6-8F37-FE1A4EE639FF}.Debug|Any CPU.Build.0 = Debug|Any CPU
		{D6C0B1E0-0E73-44F6-8F37-FE1A4EE639FF}.Release|Any CPU.ActiveCfg = Release|Any CPU
		{D6C0B1E0-0E73-44F6-8F37-FE1A4EE639FF}.Release|Any CPU.Build.0 = Release|Any CPU
		{CAD4A00A-1FB6-4708-928B-2D6C725FE38D}.Debug|Any CPU.ActiveCfg = Debug|Any CPU
		{CAD4A00A-1FB6-4708-928B-2D6C725FE38D}.Debug|Any CPU.Build.0 = Debug|Any CPU
		{CAD4A00A-1FB6-4708-928B-2D6C725FE38D}.Release|Any CPU.ActiveCfg = Release|Any CPU
		{CAD4A00A-1FB6-4708-928B-2D6C725FE38D}.Release|Any CPU.Build.0 = Release|Any CPU
		{6567F633-FB55-4840-AA76-341DAD25D158}.Debug|Any CPU.ActiveCfg = Debug|Any CPU
		{6567F633-FB55-4840-AA76-341DAD25D158}.Debug|Any CPU.Build.0 = Debug|Any CPU
		{6567F633-FB55-4840-AA76-341DAD25D158}.Release|Any CPU.ActiveCfg = Release|Any CPU
		{6567F633-FB55-4840-AA76-341DAD25D158}.Release|Any CPU.Build.0 = Release|Any CPU
		{97352D29-B3B7-429B-A0E4-D6A05D7D075E}.Debug|Any CPU.ActiveCfg = Debug|Any CPU
		{97352D29-B3B7-429B-A0E4-D6A05D7D075E}.Debug|Any CPU.Build.0 = Debug|Any CPU
		{97352D29-B3B7-429B-A0E4-D6A05D7D075E}.Release|Any CPU.ActiveCfg = Release|Any CPU
		{97352D29-B3B7-429B-A0E4-D6A05D7D075E}.Release|Any CPU.Build.0 = Release|Any CPU
		{F282F088-4559-4B2B-8899-5B29B014D73D}.Debug|Any CPU.ActiveCfg = Debug|Any CPU
		{F282F088-4559-4B2B-8899-5B29B014D73D}.Debug|Any CPU.Build.0 = Debug|Any CPU
		{F282F088-4559-4B2B-8899-5B29B014D73D}.Release|Any CPU.ActiveCfg = Release|Any CPU
		{F282F088-4559-4B2B-8899-5B29B014D73D}.Release|Any CPU.Build.0 = Release|Any CPU
		{7F92C34C-7EF7-46A6-895E-1F614DD2B8F7}.Debug|Any CPU.ActiveCfg = Debug|Any CPU
		{7F92C34C-7EF7-46A6-895E-1F614DD2B8F7}.Debug|Any CPU.Build.0 = Debug|Any CPU
		{7F92C34C-7EF7-46A6-895E-1F614DD2B8F7}.Release|Any CPU.ActiveCfg = Release|Any CPU
		{7F92C34C-7EF7-46A6-895E-1F614DD2B8F7}.Release|Any CPU.Build.0 = Release|Any CPU
		{BFD93FBC-BDB3-41F8-B2FC-76FED0D5324A}.Debug|Any CPU.ActiveCfg = Debug|Any CPU
		{BFD93FBC-BDB3-41F8-B2FC-76FED0D5324A}.Debug|Any CPU.Build.0 = Debug|Any CPU
		{BFD93FBC-BDB3-41F8-B2FC-76FED0D5324A}.Release|Any CPU.ActiveCfg = Release|Any CPU
		{BFD93FBC-BDB3-41F8-B2FC-76FED0D5324A}.Release|Any CPU.Build.0 = Release|Any CPU
		{EF422D18-0E44-45A2-91BA-A998941E899A}.Debug|Any CPU.ActiveCfg = Debug|Any CPU
		{EF422D18-0E44-45A2-91BA-A998941E899A}.Debug|Any CPU.Build.0 = Debug|Any CPU
		{EF422D18-0E44-45A2-91BA-A998941E899A}.Release|Any CPU.ActiveCfg = Release|Any CPU
		{EF422D18-0E44-45A2-91BA-A998941E899A}.Release|Any CPU.Build.0 = Release|Any CPU
		{9E44B3CD-FAFF-4027-8C71-1487EF5F743C}.Debug|Any CPU.ActiveCfg = Debug|Any CPU
		{9E44B3CD-FAFF-4027-8C71-1487EF5F743C}.Debug|Any CPU.Build.0 = Debug|Any CPU
		{9E44B3CD-FAFF-4027-8C71-1487EF5F743C}.Release|Any CPU.ActiveCfg = Release|Any CPU
		{9E44B3CD-FAFF-4027-8C71-1487EF5F743C}.Release|Any CPU.Build.0 = Release|Any CPU
		{939C5600-A979-4E79-B292-A760B1F5735C}.Debug|Any CPU.ActiveCfg = Debug|Any CPU
		{939C5600-A979-4E79-B292-A760B1F5735C}.Debug|Any CPU.Build.0 = Debug|Any CPU
		{939C5600-A979-4E79-B292-A760B1F5735C}.Release|Any CPU.ActiveCfg = Release|Any CPU
		{939C5600-A979-4E79-B292-A760B1F5735C}.Release|Any CPU.Build.0 = Release|Any CPU
		{95ED7911-E72C-4241-86EF-CD485EA9424F}.Debug|Any CPU.ActiveCfg = Debug|Any CPU
		{95ED7911-E72C-4241-86EF-CD485EA9424F}.Debug|Any CPU.Build.0 = Debug|Any CPU
		{95ED7911-E72C-4241-86EF-CD485EA9424F}.Release|Any CPU.ActiveCfg = Release|Any CPU
		{95ED7911-E72C-4241-86EF-CD485EA9424F}.Release|Any CPU.Build.0 = Release|Any CPU
		{BA6A2B2E-F512-4D31-BCAC-FEE7CE3166F9}.Debug|Any CPU.ActiveCfg = Debug|Any CPU
		{BA6A2B2E-F512-4D31-BCAC-FEE7CE3166F9}.Debug|Any CPU.Build.0 = Debug|Any CPU
		{BA6A2B2E-F512-4D31-BCAC-FEE7CE3166F9}.Release|Any CPU.ActiveCfg = Release|Any CPU
		{BA6A2B2E-F512-4D31-BCAC-FEE7CE3166F9}.Release|Any CPU.Build.0 = Release|Any CPU
		{CDA312C7-8333-40FF-86C1-E25220312E16}.Debug|Any CPU.ActiveCfg = Debug|Any CPU
		{CDA312C7-8333-40FF-86C1-E25220312E16}.Debug|Any CPU.Build.0 = Debug|Any CPU
		{CDA312C7-8333-40FF-86C1-E25220312E16}.Release|Any CPU.ActiveCfg = Release|Any CPU
		{CDA312C7-8333-40FF-86C1-E25220312E16}.Release|Any CPU.Build.0 = Release|Any CPU
		{64755775-C14F-453E-914F-D4CB92C711E1}.Debug|Any CPU.ActiveCfg = Debug|Any CPU
		{64755775-C14F-453E-914F-D4CB92C711E1}.Debug|Any CPU.Build.0 = Debug|Any CPU
		{64755775-C14F-453E-914F-D4CB92C711E1}.Release|Any CPU.ActiveCfg = Release|Any CPU
		{64755775-C14F-453E-914F-D4CB92C711E1}.Release|Any CPU.Build.0 = Release|Any CPU
		{4345850A-08C4-4790-A71A-6B91AB368309}.Debug|Any CPU.ActiveCfg = Debug|Any CPU
		{4345850A-08C4-4790-A71A-6B91AB368309}.Debug|Any CPU.Build.0 = Debug|Any CPU
		{4345850A-08C4-4790-A71A-6B91AB368309}.Release|Any CPU.ActiveCfg = Release|Any CPU
		{4345850A-08C4-4790-A71A-6B91AB368309}.Release|Any CPU.Build.0 = Release|Any CPU
		{ABD0B19A-B424-4663-B3D2-36A18729FC52}.Debug|Any CPU.ActiveCfg = Debug|Any CPU
		{ABD0B19A-B424-4663-B3D2-36A18729FC52}.Debug|Any CPU.Build.0 = Debug|Any CPU
		{ABD0B19A-B424-4663-B3D2-36A18729FC52}.Release|Any CPU.ActiveCfg = Release|Any CPU
		{ABD0B19A-B424-4663-B3D2-36A18729FC52}.Release|Any CPU.Build.0 = Release|Any CPU
		{50E663AB-9147-4F72-91C9-C9686B12B709}.Debug|Any CPU.ActiveCfg = Debug|Any CPU
		{50E663AB-9147-4F72-91C9-C9686B12B709}.Debug|Any CPU.Build.0 = Debug|Any CPU
		{50E663AB-9147-4F72-91C9-C9686B12B709}.Release|Any CPU.ActiveCfg = Release|Any CPU
		{50E663AB-9147-4F72-91C9-C9686B12B709}.Release|Any CPU.Build.0 = Release|Any CPU
		{F1757441-77F6-4832-A617-061DF72D4CB5}.Debug|Any CPU.ActiveCfg = Debug|Any CPU
		{F1757441-77F6-4832-A617-061DF72D4CB5}.Debug|Any CPU.Build.0 = Debug|Any CPU
		{F1757441-77F6-4832-A617-061DF72D4CB5}.Release|Any CPU.ActiveCfg = Release|Any CPU
		{F1757441-77F6-4832-A617-061DF72D4CB5}.Release|Any CPU.Build.0 = Release|Any CPU
		{E12C95AD-344B-4711-83E1-F03D2C68B7F0}.Debug|Any CPU.ActiveCfg = Debug|Any CPU
		{E12C95AD-344B-4711-83E1-F03D2C68B7F0}.Debug|Any CPU.Build.0 = Debug|Any CPU
		{E12C95AD-344B-4711-83E1-F03D2C68B7F0}.Release|Any CPU.ActiveCfg = Release|Any CPU
		{E12C95AD-344B-4711-83E1-F03D2C68B7F0}.Release|Any CPU.Build.0 = Release|Any CPU
		{FAE93D26-D5C6-4596-A157-E660ACF4EE86}.Debug|Any CPU.ActiveCfg = Debug|Any CPU
		{FAE93D26-D5C6-4596-A157-E660ACF4EE86}.Debug|Any CPU.Build.0 = Debug|Any CPU
		{FAE93D26-D5C6-4596-A157-E660ACF4EE86}.Release|Any CPU.ActiveCfg = Release|Any CPU
		{FAE93D26-D5C6-4596-A157-E660ACF4EE86}.Release|Any CPU.Build.0 = Release|Any CPU
		{2F4C81B6-EE96-4988-822E-377BFD3C4CC6}.Debug|Any CPU.ActiveCfg = Debug|Any CPU
		{2F4C81B6-EE96-4988-822E-377BFD3C4CC6}.Debug|Any CPU.Build.0 = Debug|Any CPU
		{2F4C81B6-EE96-4988-822E-377BFD3C4CC6}.Release|Any CPU.ActiveCfg = Release|Any CPU
		{2F4C81B6-EE96-4988-822E-377BFD3C4CC6}.Release|Any CPU.Build.0 = Release|Any CPU
		{C4EC7BC3-5F12-40AD-9911-F1E8C9C10E24}.Debug|Any CPU.ActiveCfg = Debug|Any CPU
		{C4EC7BC3-5F12-40AD-9911-F1E8C9C10E24}.Debug|Any CPU.Build.0 = Debug|Any CPU
		{C4EC7BC3-5F12-40AD-9911-F1E8C9C10E24}.Release|Any CPU.ActiveCfg = Release|Any CPU
		{C4EC7BC3-5F12-40AD-9911-F1E8C9C10E24}.Release|Any CPU.Build.0 = Release|Any CPU
		{2FF29575-864A-41E1-9300-8A8CB1971D7E}.Debug|Any CPU.ActiveCfg = Debug|Any CPU
		{2FF29575-864A-41E1-9300-8A8CB1971D7E}.Debug|Any CPU.Build.0 = Debug|Any CPU
		{2FF29575-864A-41E1-9300-8A8CB1971D7E}.Release|Any CPU.ActiveCfg = Release|Any CPU
		{2FF29575-864A-41E1-9300-8A8CB1971D7E}.Release|Any CPU.Build.0 = Release|Any CPU
		{FCFA591C-D11E-417C-8F35-50DC7D6C3373}.Debug|Any CPU.ActiveCfg = Debug|Any CPU
		{FCFA591C-D11E-417C-8F35-50DC7D6C3373}.Debug|Any CPU.Build.0 = Debug|Any CPU
		{FCFA591C-D11E-417C-8F35-50DC7D6C3373}.Release|Any CPU.ActiveCfg = Release|Any CPU
		{FCFA591C-D11E-417C-8F35-50DC7D6C3373}.Release|Any CPU.Build.0 = Release|Any CPU
	EndGlobalSection
	GlobalSection(SolutionProperties) = preSolution
		HideSolutionNode = FALSE
	EndGlobalSection
	GlobalSection(NestedProjects) = preSolution
		{3121E29E-7C0A-478C-A471-EF11ADBFA461} = {6EEBE46B-B17A-4729-A268-DDC0C24268B1}
		{3037C761-7E15-4DA2-BCC5-4DBF08A640CD} = {6EEBE46B-B17A-4729-A268-DDC0C24268B1}
		{A28708F8-4556-422C-A3BE-8F4596E142AE} = {6EEBE46B-B17A-4729-A268-DDC0C24268B1}
		{D6C0B1E0-0E73-44F6-8F37-FE1A4EE639FF} = {6EEBE46B-B17A-4729-A268-DDC0C24268B1}
		{CAD4A00A-1FB6-4708-928B-2D6C725FE38D} = {6EEBE46B-B17A-4729-A268-DDC0C24268B1}
		{6567F633-FB55-4840-AA76-341DAD25D158} = {6EEBE46B-B17A-4729-A268-DDC0C24268B1}
		{97352D29-B3B7-429B-A0E4-D6A05D7D075E} = {6EEBE46B-B17A-4729-A268-DDC0C24268B1}
		{F282F088-4559-4B2B-8899-5B29B014D73D} = {6EEBE46B-B17A-4729-A268-DDC0C24268B1}
		{7F92C34C-7EF7-46A6-895E-1F614DD2B8F7} = {6EEBE46B-B17A-4729-A268-DDC0C24268B1}
		{BFD93FBC-BDB3-41F8-B2FC-76FED0D5324A} = {6EEBE46B-B17A-4729-A268-DDC0C24268B1}
		{EF422D18-0E44-45A2-91BA-A998941E899A} = {6EEBE46B-B17A-4729-A268-DDC0C24268B1}
		{9E44B3CD-FAFF-4027-8C71-1487EF5F743C} = {6EEBE46B-B17A-4729-A268-DDC0C24268B1}
		{939C5600-A979-4E79-B292-A760B1F5735C} = {6EEBE46B-B17A-4729-A268-DDC0C24268B1}
		{95ED7911-E72C-4241-86EF-CD485EA9424F} = {6EEBE46B-B17A-4729-A268-DDC0C24268B1}
		{64755775-C14F-453E-914F-D4CB92C711E1} = {9172DF2C-4D1F-411B-B714-6BED83976449}
	EndGlobalSection
	GlobalSection(ExtensibilityGlobals) = postSolution
		SolutionGuid = {2FE1DB6F-B740-4556-873D-A597721D4F66}
	EndGlobalSection
EndGlobal
