
Microsoft Visual Studio Solution File, Format Version 12.00
# Visual Studio Version 17
VisualStudioVersion = 17.0.32014.148
MinimumVisualStudioVersion = 10.0.40219.1
Project("{9A19103F-16F7-4668-BE54-9A1E7A4F7556}") = "5-LongestPalindromicSubstring", "5-LongestPalindromicSubstring\5-LongestPalindromicSubstring.csproj", "{5C7FCCEE-F803-4EC5-A1A4-ACC104DE5E6D}"
EndProject
Project("{9A19103F-16F7-4668-BE54-9A1E7A4F7556}") = "6-ZigzagConversion", "6-ZigzagConversion\6-ZigzagConversion.csproj", "{671A69F7-B34A-4A5C-8689-F6E3D12201F9}"
EndProject
Project("{9A19103F-16F7-4668-BE54-9A1E7A4F7556}") = "7-ReverseInteger", "7-ReverseInteger\7-ReverseInteger.csproj", "{E0C53EFE-0E25-48E9-9089-C9F5F67163C8}"
EndProject
Project("{9A19103F-16F7-4668-BE54-9A1E7A4F7556}") = "12-IntegerToRoman", "12-IntegerToRoman\12-IntegerToRoman.csproj", "{457BDA64-546F-45D4-9CD7-BBC396F55DD1}"
EndProject
Project("{9A19103F-16F7-4668-BE54-9A1E7A4F7556}") = "15-3Sum", "15-3Sum\15-3Sum.csproj", "{033D893F-9AEB-4330-89F3-AD5F2C256551}"
EndProject
Project("{9A19103F-16F7-4668-BE54-9A1E7A4F7556}") = "274-H-Index", "274_H-Index\274-H-Index.csproj", "{8763E179-0B88-4758-812A-D6F72355525A}"
EndProject
Project("{FAE04EC0-301F-11D3-BF4B-00C04F79EFBC}") = "366-FindLeavesOfBinaryTree", "366-FindLeavesOfBinaryTree\366-FindLeavesOfBinaryTree.csproj", "{FBB66A96-E31C-437D-824B-F52537AEC0B8}"
EndProject
Global
	GlobalSection(SolutionConfigurationPlatforms) = preSolution
		Debug|Any CPU = Debug|Any CPU
		Release|Any CPU = Release|Any CPU
	EndGlobalSection
	GlobalSection(ProjectConfigurationPlatforms) = postSolution
		{5C7FCCEE-F803-4EC5-A1A4-ACC104DE5E6D}.Debug|Any CPU.ActiveCfg = Debug|Any CPU
		{5C7FCCEE-F803-4EC5-A1A4-ACC104DE5E6D}.Debug|Any CPU.Build.0 = Debug|Any CPU
		{5C7FCCEE-F803-4EC5-A1A4-ACC104DE5E6D}.Release|Any CPU.ActiveCfg = Release|Any CPU
		{5C7FCCEE-F803-4EC5-A1A4-ACC104DE5E6D}.Release|Any CPU.Build.0 = Release|Any CPU
		{671A69F7-B34A-4A5C-8689-F6E3D12201F9}.Debug|Any CPU.ActiveCfg = Debug|Any CPU
		{671A69F7-B34A-4A5C-8689-F6E3D12201F9}.Debug|Any CPU.Build.0 = Debug|Any CPU
		{671A69F7-B34A-4A5C-8689-F6E3D12201F9}.Release|Any CPU.ActiveCfg = Release|Any CPU
		{671A69F7-B34A-4A5C-8689-F6E3D12201F9}.Release|Any CPU.Build.0 = Release|Any CPU
		{E0C53EFE-0E25-48E9-9089-C9F5F67163C8}.Debug|Any CPU.ActiveCfg = Debug|Any CPU
		{E0C53EFE-0E25-48E9-9089-C9F5F67163C8}.Debug|Any CPU.Build.0 = Debug|Any CPU
		{E0C53EFE-0E25-48E9-9089-C9F5F67163C8}.Release|Any CPU.ActiveCfg = Release|Any CPU
		{E0C53EFE-0E25-48E9-9089-C9F5F67163C8}.Release|Any CPU.Build.0 = Release|Any CPU
		{457BDA64-546F-45D4-9CD7-BBC396F55DD1}.Debug|Any CPU.ActiveCfg = Debug|Any CPU
		{457BDA64-546F-45D4-9CD7-BBC396F55DD1}.Debug|Any CPU.Build.0 = Debug|Any CPU
		{457BDA64-546F-45D4-9CD7-BBC396F55DD1}.Release|Any CPU.ActiveCfg = Release|Any CPU
		{457BDA64-546F-45D4-9CD7-BBC396F55DD1}.Release|Any CPU.Build.0 = Release|Any CPU
		{033D893F-9AEB-4330-89F3-AD5F2C256551}.Debug|Any CPU.ActiveCfg = Debug|Any CPU
		{033D893F-9AEB-4330-89F3-AD5F2C256551}.Debug|Any CPU.Build.0 = Debug|Any CPU
		{033D893F-9AEB-4330-89F3-AD5F2C256551}.Release|Any CPU.ActiveCfg = Release|Any CPU
		{033D893F-9AEB-4330-89F3-AD5F2C256551}.Release|Any CPU.Build.0 = Release|Any CPU
		{8763E179-0B88-4758-812A-D6F72355525A}.Debug|Any CPU.ActiveCfg = Debug|Any CPU
		{8763E179-0B88-4758-812A-D6F72355525A}.Debug|Any CPU.Build.0 = Debug|Any CPU
		{8763E179-0B88-4758-812A-D6F72355525A}.Release|Any CPU.ActiveCfg = Release|Any CPU
		{8763E179-0B88-4758-812A-D6F72355525A}.Release|Any CPU.Build.0 = Release|Any CPU
		{FBB66A96-E31C-437D-824B-F52537AEC0B8}.Debug|Any CPU.ActiveCfg = Debug|Any CPU
		{FBB66A96-E31C-437D-824B-F52537AEC0B8}.Debug|Any CPU.Build.0 = Debug|Any CPU
		{FBB66A96-E31C-437D-824B-F52537AEC0B8}.Release|Any CPU.ActiveCfg = Release|Any CPU
		{FBB66A96-E31C-437D-824B-F52537AEC0B8}.Release|Any CPU.Build.0 = Release|Any CPU
	EndGlobalSection
	GlobalSection(SolutionProperties) = preSolution
		HideSolutionNode = FALSE
	EndGlobalSection
	GlobalSection(ExtensibilityGlobals) = postSolution
		SolutionGuid = {2FE1DB6F-B740-4556-873D-A597721D4F66}
	EndGlobalSection
EndGlobal
